
Microsoft Visual Studio Solution File, Format Version 12.00
# Visual Studio 15
VisualStudioVersion = 15.0.27428.2037
MinimumVisualStudioVersion = 10.0.40219.1
Project("{FAE04EC0-301F-11D3-BF4B-00C04F79EFBC}") = "ConferenceTracker.Core", "ConferenceTracker.Core\ConferenceTracker.Core.csproj", "{E1C6F6D0-E2E1-464E-8331-E4FA782EFE5C}"
EndProject
Project("{FAE04EC0-301F-11D3-BF4B-00C04F79EFBC}") = "ConferenceTracker.Android", "ConferenceTracker\ConferenceTracker.Android\ConferenceTracker.Android.csproj", "{6EB01992-6C36-470A-9FF1-9AB64FCA66BB}"
EndProject
Project("{FAE04EC0-301F-11D3-BF4B-00C04F79EFBC}") = "ConferenceTracker", "ConferenceTracker\ConferenceTracker\ConferenceTracker.csproj", "{7394FD44-2E24-4534-A4E1-B92F0D5C8877}"
EndProject
Project("{FAE04EC0-301F-11D3-BF4B-00C04F79EFBC}") = "ConferenceTracker.Test", "ConferenceTracker.Test\ConferenceTracker.Test.csproj", "{C17CEC97-43F6-4C57-98A4-DC03926D55D9}"
EndProject
Global
	GlobalSection(SolutionConfigurationPlatforms) = preSolution
		Debug|Any CPU = Debug|Any CPU
		Release|Any CPU = Release|Any CPU
	EndGlobalSection
	GlobalSection(ProjectConfigurationPlatforms) = postSolution
		{E1C6F6D0-E2E1-464E-8331-E4FA782EFE5C}.Debug|Any CPU.ActiveCfg = Debug|Any CPU
		{E1C6F6D0-E2E1-464E-8331-E4FA782EFE5C}.Debug|Any CPU.Build.0 = Debug|Any CPU
		{E1C6F6D0-E2E1-464E-8331-E4FA782EFE5C}.Release|Any CPU.ActiveCfg = Release|Any CPU
		{E1C6F6D0-E2E1-464E-8331-E4FA782EFE5C}.Release|Any CPU.Build.0 = Release|Any CPU
		{6EB01992-6C36-470A-9FF1-9AB64FCA66BB}.Debug|Any CPU.ActiveCfg = Debug|Any CPU
		{6EB01992-6C36-470A-9FF1-9AB64FCA66BB}.Debug|Any CPU.Build.0 = Debug|Any CPU
		{6EB01992-6C36-470A-9FF1-9AB64FCA66BB}.Debug|Any CPU.Deploy.0 = Debug|Any CPU
		{6EB01992-6C36-470A-9FF1-9AB64FCA66BB}.Release|Any CPU.ActiveCfg = Release|Any CPU
		{6EB01992-6C36-470A-9FF1-9AB64FCA66BB}.Release|Any CPU.Build.0 = Release|Any CPU
		{6EB01992-6C36-470A-9FF1-9AB64FCA66BB}.Release|Any CPU.Deploy.0 = Release|Any CPU
		{7394FD44-2E24-4534-A4E1-B92F0D5C8877}.Debug|Any CPU.ActiveCfg = Debug|Any CPU
		{7394FD44-2E24-4534-A4E1-B92F0D5C8877}.Debug|Any CPU.Build.0 = Debug|Any CPU
		{7394FD44-2E24-4534-A4E1-B92F0D5C8877}.Release|Any CPU.ActiveCfg = Release|Any CPU
		{7394FD44-2E24-4534-A4E1-B92F0D5C8877}.Release|Any CPU.Build.0 = Release|Any CPU
		{C17CEC97-43F6-4C57-98A4-DC03926D55D9}.Debug|Any CPU.ActiveCfg = Debug|Any CPU
		{C17CEC97-43F6-4C57-98A4-DC03926D55D9}.Debug|Any CPU.Build.0 = Debug|Any CPU
		{C17CEC97-43F6-4C57-98A4-DC03926D55D9}.Release|Any CPU.ActiveCfg = Release|Any CPU
		{C17CEC97-43F6-4C57-98A4-DC03926D55D9}.Release|Any CPU.Build.0 = Release|Any CPU
	EndGlobalSection
	GlobalSection(SolutionProperties) = preSolution
		HideSolutionNode = FALSE
	EndGlobalSection
	GlobalSection(ExtensibilityGlobals) = postSolution
		SolutionGuid = {13596D8A-0A2C-4360-8E65-423D1A69BC03}
	EndGlobalSection
EndGlobal
